
Microsoft Visual Studio Solution File, Format Version 12.00
# Visual Studio Version 17
VisualStudioVersion = 17.4.33403.182
MinimumVisualStudioVersion = 10.0.40219.1
Project("{FAE04EC0-301F-11D3-BF4B-00C04F79EFBC}") = "AppFiltros", "AppFiltros\AppFiltros.csproj", "{3983C78E-7E37-4101-8C11-F2B6E6CC0F65}"
EndProject
Global
	GlobalSection(SolutionConfigurationPlatforms) = preSolution
		Debug|Any CPU = Debug|Any CPU
		Release|Any CPU = Release|Any CPU
	EndGlobalSection
	GlobalSection(ProjectConfigurationPlatforms) = postSolution
		{3983C78E-7E37-4101-8C11-F2B6E6CC0F65}.Debug|Any CPU.ActiveCfg = Debug|Any CPU
		{3983C78E-7E37-4101-8C11-F2B6E6CC0F65}.Debug|Any CPU.Build.0 = Debug|Any CPU
		{3983C78E-7E37-4101-8C11-F2B6E6CC0F65}.Release|Any CPU.ActiveCfg = Release|Any CPU
		{3983C78E-7E37-4101-8C11-F2B6E6CC0F65}.Release|Any CPU.Build.0 = Release|Any CPU
	EndGlobalSection
	GlobalSection(SolutionProperties) = preSolution
		HideSolutionNode = FALSE
	EndGlobalSection
	GlobalSection(ExtensibilityGlobals) = postSolution
		SolutionGuid = {02B59A00-BB9B-4E91-B435-0A3E57460FB1}
	EndGlobalSection
EndGlobal
